
Microsoft Visual Studio Solution File, Format Version 12.00
# Visual Studio 14
VisualStudioVersion = 14.0.24720.0
MinimumVisualStudioVersion = 10.0.40219.1
Project("{FAE04EC0-301F-11D3-BF4B-00C04F79EFBC}") = "Lnk", "Lnk\Lnk.csproj", "{A7459C49-AC20-45B3-A405-B2154B5D66C8}"
EndProject
Project("{FAE04EC0-301F-11D3-BF4B-00C04F79EFBC}") = "Lnk.Test", "Lnk.Test\Lnk.Test.csproj", "{F3B71841-D1C6-41BB-AA61-76461B36E17D}"
EndProject
Global
	GlobalSection(SolutionConfigurationPlatforms) = preSolution
		Debug|Any CPU = Debug|Any CPU
		Release|Any CPU = Release|Any CPU
	EndGlobalSection
	GlobalSection(ProjectConfigurationPlatforms) = postSolution
		{A7459C49-AC20-45B3-A405-B2154B5D66C8}.Debug|Any CPU.ActiveCfg = Debug|Any CPU
		{A7459C49-AC20-45B3-A405-B2154B5D66C8}.Debug|Any CPU.Build.0 = Debug|Any CPU
		{A7459C49-AC20-45B3-A405-B2154B5D66C8}.Release|Any CPU.ActiveCfg = Release|Any CPU
		{A7459C49-AC20-45B3-A405-B2154B5D66C8}.Release|Any CPU.Build.0 = Release|Any CPU
		{F3B71841-D1C6-41BB-AA61-76461B36E17D}.Debug|Any CPU.ActiveCfg = Debug|Any CPU
		{F3B71841-D1C6-41BB-AA61-76461B36E17D}.Debug|Any CPU.Build.0 = Debug|Any CPU
		{F3B71841-D1C6-41BB-AA61-76461B36E17D}.Release|Any CPU.ActiveCfg = Release|Any CPU
		{F3B71841-D1C6-41BB-AA61-76461B36E17D}.Release|Any CPU.Build.0 = Release|Any CPU
	EndGlobalSection
	GlobalSection(SolutionProperties) = preSolution
		HideSolutionNode = FALSE
	EndGlobalSection
EndGlobal
