
Microsoft Visual Studio Solution File, Format Version 12.00
Project("{FAE04EC0-301F-11D3-BF4B-00C04F79EFBC}") = "Lnk.Test", "Lnk.Test\Lnk.Test.csproj", "{165F21E8-2683-45E5-B78B-D365D4DB02BA}"
EndProject
Project("{FAE04EC0-301F-11D3-BF4B-00C04F79EFBC}") = "Lnk", "Lnk\Lnk.csproj", "{DE859960-446E-410F-BDF9-FF62DD69DC10}"
EndProject
Project("{FAE04EC0-301F-11D3-BF4B-00C04F79EFBC}") = "Lnk.Example", "Lnk.Example\Lnk.Example.csproj", "{948C7BF4-883B-49A2-A97E-47D3F64D4CA3}"
EndProject
Global
	GlobalSection(SolutionConfigurationPlatforms) = preSolution
		Debug|Any CPU = Debug|Any CPU
		Release|Any CPU = Release|Any CPU
	EndGlobalSection
	GlobalSection(ProjectConfigurationPlatforms) = postSolution
		{165F21E8-2683-45E5-B78B-D365D4DB02BA}.Debug|Any CPU.ActiveCfg = Debug|Any CPU
		{165F21E8-2683-45E5-B78B-D365D4DB02BA}.Debug|Any CPU.Build.0 = Debug|Any CPU
		{165F21E8-2683-45E5-B78B-D365D4DB02BA}.Release|Any CPU.ActiveCfg = Release|Any CPU
		{165F21E8-2683-45E5-B78B-D365D4DB02BA}.Release|Any CPU.Build.0 = Release|Any CPU
		{DE859960-446E-410F-BDF9-FF62DD69DC10}.Debug|Any CPU.ActiveCfg = Debug|Any CPU
		{DE859960-446E-410F-BDF9-FF62DD69DC10}.Debug|Any CPU.Build.0 = Debug|Any CPU
		{DE859960-446E-410F-BDF9-FF62DD69DC10}.Release|Any CPU.ActiveCfg = Release|Any CPU
		{DE859960-446E-410F-BDF9-FF62DD69DC10}.Release|Any CPU.Build.0 = Release|Any CPU
		{948C7BF4-883B-49A2-A97E-47D3F64D4CA3}.Debug|Any CPU.ActiveCfg = Debug|Any CPU
		{948C7BF4-883B-49A2-A97E-47D3F64D4CA3}.Debug|Any CPU.Build.0 = Debug|Any CPU
		{948C7BF4-883B-49A2-A97E-47D3F64D4CA3}.Release|Any CPU.ActiveCfg = Release|Any CPU
		{948C7BF4-883B-49A2-A97E-47D3F64D4CA3}.Release|Any CPU.Build.0 = Release|Any CPU
	EndGlobalSection
EndGlobal
